
Microsoft Visual Studio Solution File, Format Version 12.00
# Visual Studio 15
VisualStudioVersion = 15.0.28307.852
MinimumVisualStudioVersion = 10.0.40219.1
Project("{FAE04EC0-301F-11D3-BF4B-00C04F79EFBC}") = "Xpo.LastMile.TestSupportTool.Client", "Xpo.LastMile.TestSupportTool.Client\Xpo.LastMile.TestSupportTool.Client.csproj", "{DC6602CB-90A1-4299-A613-656C6ABFD1BC}"
EndProject
Project("{FAE04EC0-301F-11D3-BF4B-00C04F79EFBC}") = "Xpo.LastMile.TestSupportTool.Data", "Xpo.LastMile.TestSupportTool.Data\Xpo.LastMile.TestSupportTool.Data.csproj", "{CF4E38CF-D326-4D95-A161-B99202A09966}"
EndProject
Global
	GlobalSection(SolutionConfigurationPlatforms) = preSolution
		Debug|Any CPU = Debug|Any CPU
		Release|Any CPU = Release|Any CPU
	EndGlobalSection
	GlobalSection(ProjectConfigurationPlatforms) = postSolution
		{DC6602CB-90A1-4299-A613-656C6ABFD1BC}.Debug|Any CPU.ActiveCfg = Debug|Any CPU
		{DC6602CB-90A1-4299-A613-656C6ABFD1BC}.Debug|Any CPU.Build.0 = Debug|Any CPU
		{DC6602CB-90A1-4299-A613-656C6ABFD1BC}.Release|Any CPU.ActiveCfg = Release|Any CPU
		{DC6602CB-90A1-4299-A613-656C6ABFD1BC}.Release|Any CPU.Build.0 = Release|Any CPU
		{CF4E38CF-D326-4D95-A161-B99202A09966}.Debug|Any CPU.ActiveCfg = Debug|Any CPU
		{CF4E38CF-D326-4D95-A161-B99202A09966}.Debug|Any CPU.Build.0 = Debug|Any CPU
		{CF4E38CF-D326-4D95-A161-B99202A09966}.Release|Any CPU.ActiveCfg = Release|Any CPU
		{CF4E38CF-D326-4D95-A161-B99202A09966}.Release|Any CPU.Build.0 = Release|Any CPU
	EndGlobalSection
	GlobalSection(SolutionProperties) = preSolution
		HideSolutionNode = FALSE
	EndGlobalSection
	GlobalSection(ExtensibilityGlobals) = postSolution
		SolutionGuid = {D3D20174-81D0-43AB-89F1-EC0D996CB778}
	EndGlobalSection
EndGlobal
